// !$*UTF8*$!
{
	archiveVersion = 1;
	classes = {
	};
	objectVersion = 50;
	objects = {

/* Begin PBXBuildFile section */
		863499BC25C55F9B00FD39CA /* ImageLoading.swift in Sources */ = {isa = PBXBuildFile; fileRef = 863499BB25C55F9B00FD39CA /* ImageLoading.swift */; };
		863499BF25C5608B00FD39CA /* ImageCaching.swift in Sources */ = {isa = PBXBuildFile; fileRef = 863499BE25C5608B00FD39CA /* ImageCaching.swift */; };
		863E09402592497F00943BF0 /* UIImageExtensions.swift in Sources */ = {isa = PBXBuildFile; fileRef = 863E093F2592497F00943BF0 /* UIImageExtensions.swift */; };
		8641166F25861D81009C9199 /* PetDetailsViewController.swift in Sources */ = {isa = PBXBuildFile; fileRef = 8641166E25861D81009C9199 /* PetDetailsViewController.swift */; };
		8641167425862623009C9199 /* StorageService.swift in Sources */ = {isa = PBXBuildFile; fileRef = 8641167325862623009C9199 /* StorageService.swift */; };
		864116782586265F009C9199 /* Pet.swift in Sources */ = {isa = PBXBuildFile; fileRef = 864116772586265F009C9199 /* Pet.swift */; };
		8670860F25BC2B5600C2BE0C /* NetworkController.swift in Sources */ = {isa = PBXBuildFile; fileRef = 8670860E25BC2B5600C2BE0C /* NetworkController.swift */; };
		8670861225BC33EE00C2BE0C /* NetworkStorageService.swift in Sources */ = {isa = PBXBuildFile; fileRef = 8670861125BC33EE00C2BE0C /* NetworkStorageService.swift */; };
		868587332584CB350033A6E3 /* AppDelegate.swift in Sources */ = {isa = PBXBuildFile; fileRef = 868587322584CB350033A6E3 /* AppDelegate.swift */; };
		868587352584CB350033A6E3 /* SceneDelegate.swift in Sources */ = {isa = PBXBuildFile; fileRef = 868587342584CB350033A6E3 /* SceneDelegate.swift */; };
		8685873A2584CB350033A6E3 /* Main.storyboard in Resources */ = {isa = PBXBuildFile; fileRef = 868587382584CB350033A6E3 /* Main.storyboard */; };
		8685873C2584CB370033A6E3 /* Assets.xcassets in Resources */ = {isa = PBXBuildFile; fileRef = 8685873B2584CB370033A6E3 /* Assets.xcassets */; };
		8685873F2584CB370033A6E3 /* LaunchScreen.storyboard in Resources */ = {isa = PBXBuildFile; fileRef = 8685873D2584CB370033A6E3 /* LaunchScreen.storyboard */; };
		86C1800825974CFF00C08D20 /* PetTagCollectionViewCell.swift in Sources */ = {isa = PBXBuildFile; fileRef = 86C1800725974CFF00C08D20 /* PetTagCollectionViewCell.swift */; };
		86C1800E2598952800C08D20 /* PetSelectionViewController.swift in Sources */ = {isa = PBXBuildFile; fileRef = 86C1800D2598952800C08D20 /* PetSelectionViewController.swift */; };
		86E86F6825B443D800E47A07 /* FileService.swift in Sources */ = {isa = PBXBuildFile; fileRef = 86E86F6725B443D800E47A07 /* FileService.swift */; };
		86E86F6C25B449CA00E47A07 /* DecodingPet.swift in Sources */ = {isa = PBXBuildFile; fileRef = 86E86F6B25B449CA00E47A07 /* DecodingPet.swift */; };
		86E86F7125B44BE200E47A07 /* pets.json in Resources */ = {isa = PBXBuildFile; fileRef = 86E86F7025B44BE200E47A07 /* pets.json */; };
		86F5A3AE25C56723002406A7 /* ImageController.swift in Sources */ = {isa = PBXBuildFile; fileRef = 86F5A3AD25C56723002406A7 /* ImageController.swift */; };
		86FB734025AB13140064167D /* DependencyManager.swift in Sources */ = {isa = PBXBuildFile; fileRef = 86FB733F25AB13140064167D /* DependencyManager.swift */; };
		86FB734425AB15BF0064167D /* MockStorage.swift in Sources */ = {isa = PBXBuildFile; fileRef = 86FB734325AB15BF0064167D /* MockStorage.swift */; };
/* End PBXBuildFile section */

/* Begin PBXFileReference section */
		863499BB25C55F9B00FD39CA /* ImageLoading.swift */ = {isa = PBXFileReference; lastKnownFileType = sourcecode.swift; path = ImageLoading.swift; sourceTree = "<group>"; };
		863499BE25C5608B00FD39CA /* ImageCaching.swift */ = {isa = PBXFileReference; lastKnownFileType = sourcecode.swift; path = ImageCaching.swift; sourceTree = "<group>"; };
		863E093F2592497F00943BF0 /* UIImageExtensions.swift */ = {isa = PBXFileReference; lastKnownFileType = sourcecode.swift; path = UIImageExtensions.swift; sourceTree = "<group>"; };
		8641166E25861D81009C9199 /* PetDetailsViewController.swift */ = {isa = PBXFileReference; lastKnownFileType = sourcecode.swift; path = PetDetailsViewController.swift; sourceTree = "<group>"; };
		8641167325862623009C9199 /* StorageService.swift */ = {isa = PBXFileReference; lastKnownFileType = sourcecode.swift; path = StorageService.swift; sourceTree = "<group>"; };
		864116772586265F009C9199 /* Pet.swift */ = {isa = PBXFileReference; lastKnownFileType = sourcecode.swift; path = Pet.swift; sourceTree = "<group>"; };
		8670860E25BC2B5600C2BE0C /* NetworkController.swift */ = {isa = PBXFileReference; lastKnownFileType = sourcecode.swift; path = NetworkController.swift; sourceTree = "<group>"; };
		8670861125BC33EE00C2BE0C /* NetworkStorageService.swift */ = {isa = PBXFileReference; lastKnownFileType = sourcecode.swift; path = NetworkStorageService.swift; sourceTree = "<group>"; };
		8685872F2584CB350033A6E3 /* HelloApp.app */ = {isa = PBXFileReference; explicitFileType = wrapper.application; includeInIndex = 0; path = HelloApp.app; sourceTree = BUILT_PRODUCTS_DIR; };
		868587322584CB350033A6E3 /* AppDelegate.swift */ = {isa = PBXFileReference; lastKnownFileType = sourcecode.swift; path = AppDelegate.swift; sourceTree = "<group>"; };
		868587342584CB350033A6E3 /* SceneDelegate.swift */ = {isa = PBXFileReference; lastKnownFileType = sourcecode.swift; path = SceneDelegate.swift; sourceTree = "<group>"; };
		868587392584CB350033A6E3 /* Base */ = {isa = PBXFileReference; lastKnownFileType = file.storyboard; name = Base; path = Base.lproj/Main.storyboard; sourceTree = "<group>"; };
		8685873B2584CB370033A6E3 /* Assets.xcassets */ = {isa = PBXFileReference; lastKnownFileType = folder.assetcatalog; path = Assets.xcassets; sourceTree = "<group>"; };
		8685873E2584CB370033A6E3 /* Base */ = {isa = PBXFileReference; lastKnownFileType = file.storyboard; name = Base; path = Base.lproj/LaunchScreen.storyboard; sourceTree = "<group>"; };
		868587402584CB370033A6E3 /* Info.plist */ = {isa = PBXFileReference; lastKnownFileType = text.plist.xml; path = Info.plist; sourceTree = "<group>"; };
		86C1800725974CFF00C08D20 /* PetTagCollectionViewCell.swift */ = {isa = PBXFileReference; lastKnownFileType = sourcecode.swift; path = PetTagCollectionViewCell.swift; sourceTree = "<group>"; };
		86C1800D2598952800C08D20 /* PetSelectionViewController.swift */ = {isa = PBXFileReference; lastKnownFileType = sourcecode.swift; path = PetSelectionViewController.swift; sourceTree = "<group>"; };
		86E86F6725B443D800E47A07 /* FileService.swift */ = {isa = PBXFileReference; lastKnownFileType = sourcecode.swift; path = FileService.swift; sourceTree = "<group>"; };
		86E86F6B25B449CA00E47A07 /* DecodingPet.swift */ = {isa = PBXFileReference; lastKnownFileType = sourcecode.swift; path = DecodingPet.swift; sourceTree = "<group>"; };
		86E86F7025B44BE200E47A07 /* pets.json */ = {isa = PBXFileReference; lastKnownFileType = text.json; path = pets.json; sourceTree = "<group>"; };
		86F5A3AD25C56723002406A7 /* ImageController.swift */ = {isa = PBXFileReference; lastKnownFileType = sourcecode.swift; path = ImageController.swift; sourceTree = "<group>"; };
		86FB733F25AB13140064167D /* DependencyManager.swift */ = {isa = PBXFileReference; lastKnownFileType = sourcecode.swift; path = DependencyManager.swift; sourceTree = "<group>"; };
		86FB734325AB15BF0064167D /* MockStorage.swift */ = {isa = PBXFileReference; lastKnownFileType = sourcecode.swift; path = MockStorage.swift; sourceTree = "<group>"; };
/* End PBXFileReference section */

/* Begin PBXFrameworksBuildPhase section */
		8685872C2584CB350033A6E3 /* Frameworks */ = {
			isa = PBXFrameworksBuildPhase;
			buildActionMask = 2147483647;
			files = (
			);
			runOnlyForDeploymentPostprocessing = 0;
		};
/* End PBXFrameworksBuildPhase section */

/* Begin PBXGroup section */
		863E093E2592496D00943BF0 /* Extensions */ = {
			isa = PBXGroup;
			children = (
				863E093F2592497F00943BF0 /* UIImageExtensions.swift */,
			);
			path = Extensions;
			sourceTree = "<group>";
		};
		8641166C25861CFD009C9199 /* Controllers */ = {
			isa = PBXGroup;
			children = (
				86C1800C2598950600C08D20 /* PetSelection */,
				8641166D25861D0F009C9199 /* Pet */,
			);
			path = Controllers;
			sourceTree = "<group>";
		};
		8641166D25861D0F009C9199 /* Pet */ = {
			isa = PBXGroup;
			children = (
				8641166E25861D81009C9199 /* PetDetailsViewController.swift */,
				86C1800725974CFF00C08D20 /* PetTagCollectionViewCell.swift */,
			);
			path = Pet;
			sourceTree = "<group>";
		};
		8641167225862601009C9199 /* Model */ = {
			isa = PBXGroup;
			children = (
				864116772586265F009C9199 /* Pet.swift */,
				86E86F6B25B449CA00E47A07 /* DecodingPet.swift */,
			);
			path = Model;
			sourceTree = "<group>";
		};
		868587262584CB350033A6E3 = {
			isa = PBXGroup;
			children = (
				868587312584CB350033A6E3 /* HelloApp */,
				868587302584CB350033A6E3 /* Products */,
			);
			sourceTree = "<group>";
		};
		868587302584CB350033A6E3 /* Products */ = {
			isa = PBXGroup;
			children = (
				8685872F2584CB350033A6E3 /* HelloApp.app */,
			);
			name = Products;
			sourceTree = "<group>";
		};
		868587312584CB350033A6E3 /* HelloApp */ = {
			isa = PBXGroup;
			children = (
				86E86F6E25B44BB500E47A07 /* Resources */,
				868587482584CCCE0033A6E3 /* Sources */,
				868587402584CB370033A6E3 /* Info.plist */,
			);
			path = HelloApp;
			sourceTree = "<group>";
		};
		868587482584CCCE0033A6E3 /* Sources */ = {
			isa = PBXGroup;
			children = (
				86FB733E25AB13060064167D /* Services */,
				863E093E2592496D00943BF0 /* Extensions */,
				8641167225862601009C9199 /* Model */,
				8641166C25861CFD009C9199 /* Controllers */,
				868587322584CB350033A6E3 /* AppDelegate.swift */,
				868587342584CB350033A6E3 /* SceneDelegate.swift */,
			);
			path = Sources;
			sourceTree = "<group>";
		};
		86C1800C2598950600C08D20 /* PetSelection */ = {
			isa = PBXGroup;
			children = (
				86C1800D2598952800C08D20 /* PetSelectionViewController.swift */,
			);
			path = PetSelection;
			sourceTree = "<group>";
		};
		86E86F6E25B44BB500E47A07 /* Resources */ = {
			isa = PBXGroup;
			children = (
				868587382584CB350033A6E3 /* Main.storyboard */,
				8685873B2584CB370033A6E3 /* Assets.xcassets */,
				8685873D2584CB370033A6E3 /* LaunchScreen.storyboard */,
				86E86F7025B44BE200E47A07 /* pets.json */,
			);
			path = Resources;
			sourceTree = "<group>";
		};
		86FB733E25AB13060064167D /* Services */ = {
			isa = PBXGroup;
			children = (
				8641167325862623009C9199 /* StorageService.swift */,
				86FB734325AB15BF0064167D /* MockStorage.swift */,
				86FB733F25AB13140064167D /* DependencyManager.swift */,
				86E86F6725B443D800E47A07 /* FileService.swift */,
				8670860E25BC2B5600C2BE0C /* NetworkController.swift */,
				8670861125BC33EE00C2BE0C /* NetworkStorageService.swift */,
				863499BB25C55F9B00FD39CA /* ImageLoading.swift */,
				863499BE25C5608B00FD39CA /* ImageCaching.swift */,
				86F5A3AD25C56723002406A7 /* ImageController.swift */,
			);
			path = Services;
			sourceTree = "<group>";
		};
/* End PBXGroup section */

/* Begin PBXNativeTarget section */
		8685872E2584CB350033A6E3 /* HelloApp */ = {
			isa = PBXNativeTarget;
			buildConfigurationList = 868587432584CB370033A6E3 /* Build configuration list for PBXNativeTarget "HelloApp" */;
			buildPhases = (
				8685872B2584CB350033A6E3 /* Sources */,
				8685872C2584CB350033A6E3 /* Frameworks */,
				8685872D2584CB350033A6E3 /* Resources */,
			);
			buildRules = (
			);
			dependencies = (
			);
			name = HelloApp;
			productName = HelloApp;
			productReference = 8685872F2584CB350033A6E3 /* HelloApp.app */;
			productType = "com.apple.product-type.application";
		};
/* End PBXNativeTarget section */

/* Begin PBXProject section */
		868587272584CB350033A6E3 /* Project object */ = {
			isa = PBXProject;
			attributes = {
				LastSwiftUpdateCheck = 1210;
				LastUpgradeCheck = 1210;
				TargetAttributes = {
					8685872E2584CB350033A6E3 = {
						CreatedOnToolsVersion = 12.1;
					};
				};
			};
			buildConfigurationList = 8685872A2584CB350033A6E3 /* Build configuration list for PBXProject "HelloApp" */;
			compatibilityVersion = "Xcode 9.3";
			developmentRegion = en;
			hasScannedForEncodings = 0;
			knownRegions = (
				en,
				Base,
			);
			mainGroup = 868587262584CB350033A6E3;
			productRefGroup = 868587302584CB350033A6E3 /* Products */;
			projectDirPath = "";
			projectRoot = "";
			targets = (
				8685872E2584CB350033A6E3 /* HelloApp */,
			);
		};
/* End PBXProject section */

/* Begin PBXResourcesBuildPhase section */
		8685872D2584CB350033A6E3 /* Resources */ = {
			isa = PBXResourcesBuildPhase;
			buildActionMask = 2147483647;
			files = (
				8685873F2584CB370033A6E3 /* LaunchScreen.storyboard in Resources */,
				86E86F7125B44BE200E47A07 /* pets.json in Resources */,
				8685873C2584CB370033A6E3 /* Assets.xcassets in Resources */,
				8685873A2584CB350033A6E3 /* Main.storyboard in Resources */,
			);
			runOnlyForDeploymentPostprocessing = 0;
		};
/* End PBXResourcesBuildPhase section */

/* Begin PBXSourcesBuildPhase section */
		8685872B2584CB350033A6E3 /* Sources */ = {
			isa = PBXSourcesBuildPhase;
			buildActionMask = 2147483647;
			files = (
				8641167425862623009C9199 /* StorageService.swift in Sources */,
				863E09402592497F00943BF0 /* UIImageExtensions.swift in Sources */,
				86E86F6C25B449CA00E47A07 /* DecodingPet.swift in Sources */,
				86C1800E2598952800C08D20 /* PetSelectionViewController.swift in Sources */,
				86C1800825974CFF00C08D20 /* PetTagCollectionViewCell.swift in Sources */,
				86E86F6825B443D800E47A07 /* FileService.swift in Sources */,
				868587332584CB350033A6E3 /* AppDelegate.swift in Sources */,
				86FB734425AB15BF0064167D /* MockStorage.swift in Sources */,
				864116782586265F009C9199 /* Pet.swift in Sources */,
				868587352584CB350033A6E3 /* SceneDelegate.swift in Sources */,
				8670861225BC33EE00C2BE0C /* NetworkStorageService.swift in Sources */,
				86FB734025AB13140064167D /* DependencyManager.swift in Sources */,
				863499BC25C55F9B00FD39CA /* ImageLoading.swift in Sources */,
				863499BF25C5608B00FD39CA /* ImageCaching.swift in Sources */,
				86F5A3AE25C56723002406A7 /* ImageController.swift in Sources */,
				8641166F25861D81009C9199 /* PetDetailsViewController.swift in Sources */,
				8670860F25BC2B5600C2BE0C /* NetworkController.swift in Sources */,
			);
			runOnlyForDeploymentPostprocessing = 0;
		};
/* End PBXSourcesBuildPhase section */

/* Begin PBXVariantGroup section */
		868587382584CB350033A6E3 /* Main.storyboard */ = {
			isa = PBXVariantGroup;
			children = (
				868587392584CB350033A6E3 /* Base */,
			);
			name = Main.storyboard;
			sourceTree = "<group>";
		};
		8685873D2584CB370033A6E3 /* LaunchScreen.storyboard */ = {
			isa = PBXVariantGroup;
			children = (
				8685873E2584CB370033A6E3 /* Base */,
			);
			name = LaunchScreen.storyboard;
			sourceTree = "<group>";
		};
/* End PBXVariantGroup section */

/* Begin XCBuildConfiguration section */
		868587412584CB370033A6E3 /* Debug */ = {
			isa = XCBuildConfiguration;
			buildSettings = {
				ALWAYS_SEARCH_USER_PATHS = NO;
				CLANG_ANALYZER_NONNULL = YES;
				CLANG_ANALYZER_NUMBER_OBJECT_CONVERSION = YES_AGGRESSIVE;
				CLANG_CXX_LANGUAGE_STANDARD = "gnu++14";
				CLANG_CXX_LIBRARY = "libc++";
				CLANG_ENABLE_MODULES = YES;
				CLANG_ENABLE_OBJC_ARC = YES;
				CLANG_ENABLE_OBJC_WEAK = YES;
				CLANG_WARN_BLOCK_CAPTURE_AUTORELEASING = YES;
				CLANG_WARN_BOOL_CONVERSION = YES;
				CLANG_WARN_COMMA = YES;
				CLANG_WARN_CONSTANT_CONVERSION = YES;
				CLANG_WARN_DEPRECATED_OBJC_IMPLEMENTATIONS = YES;
				CLANG_WARN_DIRECT_OBJC_ISA_USAGE = YES_ERROR;
				CLANG_WARN_DOCUMENTATION_COMMENTS = YES;
				CLANG_WARN_EMPTY_BODY = YES;
				CLANG_WARN_ENUM_CONVERSION = YES;
				CLANG_WARN_INFINITE_RECURSION = YES;
				CLANG_WARN_INT_CONVERSION = YES;
				CLANG_WARN_NON_LITERAL_NULL_CONVERSION = YES;
				CLANG_WARN_OBJC_IMPLICIT_RETAIN_SELF = YES;
				CLANG_WARN_OBJC_LITERAL_CONVERSION = YES;
				CLANG_WARN_OBJC_ROOT_CLASS = YES_ERROR;
				CLANG_WARN_QUOTED_INCLUDE_IN_FRAMEWORK_HEADER = YES;
				CLANG_WARN_RANGE_LOOP_ANALYSIS = YES;
				CLANG_WARN_STRICT_PROTOTYPES = YES;
				CLANG_WARN_SUSPICIOUS_MOVE = YES;
				CLANG_WARN_UNGUARDED_AVAILABILITY = YES_AGGRESSIVE;
				CLANG_WARN_UNREACHABLE_CODE = YES;
				CLANG_WARN__DUPLICATE_METHOD_MATCH = YES;
				COPY_PHASE_STRIP = NO;
				DEBUG_INFORMATION_FORMAT = dwarf;
				ENABLE_STRICT_OBJC_MSGSEND = YES;
				ENABLE_TESTABILITY = YES;
				GCC_C_LANGUAGE_STANDARD = gnu11;
				GCC_DYNAMIC_NO_PIC = NO;
				GCC_NO_COMMON_BLOCKS = YES;
				GCC_OPTIMIZATION_LEVEL = 0;
				GCC_PREPROCESSOR_DEFINITIONS = (
					"DEBUG=1",
					"$(inherited)",
				);
				GCC_WARN_64_TO_32_BIT_CONVERSION = YES;
				GCC_WARN_ABOUT_RETURN_TYPE = YES_ERROR;
				GCC_WARN_UNDECLARED_SELECTOR = YES;
				GCC_WARN_UNINITIALIZED_AUTOS = YES_AGGRESSIVE;
				GCC_WARN_UNUSED_FUNCTION = YES;
				GCC_WARN_UNUSED_VARIABLE = YES;
				IPHONEOS_DEPLOYMENT_TARGET = 14.1;
				MTL_ENABLE_DEBUG_INFO = INCLUDE_SOURCE;
				MTL_FAST_MATH = YES;
				ONLY_ACTIVE_ARCH = YES;
				SDKROOT = iphoneos;
				SWIFT_ACTIVE_COMPILATION_CONDITIONS = DEBUG;
				SWIFT_OPTIMIZATION_LEVEL = "-Onone";
			};
			name = Debug;
		};
		868587422584CB370033A6E3 /* Release */ = {
			isa = XCBuildConfiguration;
			buildSettings = {
				ALWAYS_SEARCH_USER_PATHS = NO;
				CLANG_ANALYZER_NONNULL = YES;
				CLANG_ANALYZER_NUMBER_OBJECT_CONVERSION = YES_AGGRESSIVE;
				CLANG_CXX_LANGUAGE_STANDARD = "gnu++14";
				CLANG_CXX_LIBRARY = "libc++";
				CLANG_ENABLE_MODULES = YES;
				CLANG_ENABLE_OBJC_ARC = YES;
				CLANG_ENABLE_OBJC_WEAK = YES;
				CLANG_WARN_BLOCK_CAPTURE_AUTORELEASING = YES;
				CLANG_WARN_BOOL_CONVERSION = YES;
				CLANG_WARN_COMMA = YES;
				CLANG_WARN_CONSTANT_CONVERSION = YES;
				CLANG_WARN_DEPRECATED_OBJC_IMPLEMENTATIONS = YES;
				CLANG_WARN_DIRECT_OBJC_ISA_USAGE = YES_ERROR;
				CLANG_WARN_DOCUMENTATION_COMMENTS = YES;
				CLANG_WARN_EMPTY_BODY = YES;
				CLANG_WARN_ENUM_CONVERSION = YES;
				CLANG_WARN_INFINITE_RECURSION = YES;
				CLANG_WARN_INT_CONVERSION = YES;
				CLANG_WARN_NON_LITERAL_NULL_CONVERSION = YES;
				CLANG_WARN_OBJC_IMPLICIT_RETAIN_SELF = YES;
				CLANG_WARN_OBJC_LITERAL_CONVERSION = YES;
				CLANG_WARN_OBJC_ROOT_CLASS = YES_ERROR;
				CLANG_WARN_QUOTED_INCLUDE_IN_FRAMEWORK_HEADER = YES;
				CLANG_WARN_RANGE_LOOP_ANALYSIS = YES;
				CLANG_WARN_STRICT_PROTOTYPES = YES;
				CLANG_WARN_SUSPICIOUS_MOVE = YES;
				CLANG_WARN_UNGUARDED_AVAILABILITY = YES_AGGRESSIVE;
				CLANG_WARN_UNREACHABLE_CODE = YES;
				CLANG_WARN__DUPLICATE_METHOD_MATCH = YES;
				COPY_PHASE_STRIP = NO;
				DEBUG_INFORMATION_FORMAT = "dwarf-with-dsym";
				ENABLE_NS_ASSERTIONS = NO;
				ENABLE_STRICT_OBJC_MSGSEND = YES;
				GCC_C_LANGUAGE_STANDARD = gnu11;
				GCC_NO_COMMON_BLOCKS = YES;
				GCC_WARN_64_TO_32_BIT_CONVERSION = YES;
				GCC_WARN_ABOUT_RETURN_TYPE = YES_ERROR;
				GCC_WARN_UNDECLARED_SELECTOR = YES;
				GCC_WARN_UNINITIALIZED_AUTOS = YES_AGGRESSIVE;
				GCC_WARN_UNUSED_FUNCTION = YES;
				GCC_WARN_UNUSED_VARIABLE = YES;
				IPHONEOS_DEPLOYMENT_TARGET = 14.1;
				MTL_ENABLE_DEBUG_INFO = NO;
				MTL_FAST_MATH = YES;
				SDKROOT = iphoneos;
				SWIFT_COMPILATION_MODE = wholemodule;
				SWIFT_OPTIMIZATION_LEVEL = "-O";
				VALIDATE_PRODUCT = YES;
			};
			name = Release;
		};
		868587442584CB370033A6E3 /* Debug */ = {
			isa = XCBuildConfiguration;
			buildSettings = {
				ASSETCATALOG_COMPILER_APPICON_NAME = AppIcon;
				ASSETCATALOG_COMPILER_GLOBAL_ACCENT_COLOR_NAME = AccentColor;
				CODE_SIGN_STYLE = Automatic;
				DEVELOPMENT_TEAM = WCL42T797B;
				INFOPLIST_FILE = HelloApp/Info.plist;
				LD_RUNPATH_SEARCH_PATHS = (
					"$(inherited)",
					"@executable_path/Frameworks",
				);
				PRODUCT_BUNDLE_IDENTIFIER = org.wa.HelloApp;
				PRODUCT_NAME = "$(TARGET_NAME)";
				SWIFT_VERSION = 5.0;
				TARGETED_DEVICE_FAMILY = "1,2";
			};
			name = Debug;
		};
		868587452584CB370033A6E3 /* Release */ = {
			isa = XCBuildConfiguration;
			buildSettings = {
				ASSETCATALOG_COMPILER_APPICON_NAME = AppIcon;
				ASSETCATALOG_COMPILER_GLOBAL_ACCENT_COLOR_NAME = AccentColor;
				CODE_SIGN_STYLE = Automatic;
				DEVELOPMENT_TEAM = WCL42T797B;
				INFOPLIST_FILE = HelloApp/Info.plist;
				LD_RUNPATH_SEARCH_PATHS = (
					"$(inherited)",
					"@executable_path/Frameworks",
				);
				PRODUCT_BUNDLE_IDENTIFIER = org.wa.HelloApp;
				PRODUCT_NAME = "$(TARGET_NAME)";
				SWIFT_VERSION = 5.0;
				TARGETED_DEVICE_FAMILY = "1,2";
			};
			name = Release;
		};
/* End XCBuildConfiguration section */

/* Begin XCConfigurationList section */
		8685872A2584CB350033A6E3 /* Build configuration list for PBXProject "HelloApp" */ = {
			isa = XCConfigurationList;
			buildConfigurations = (
				868587412584CB370033A6E3 /* Debug */,
				868587422584CB370033A6E3 /* Release */,
			);
			defaultConfigurationIsVisible = 0;
			defaultConfigurationName = Release;
		};
		868587432584CB370033A6E3 /* Build configuration list for PBXNativeTarget "HelloApp" */ = {
			isa = XCConfigurationList;
			buildConfigurations = (
				868587442584CB370033A6E3 /* Debug */,
				868587452584CB370033A6E3 /* Release */,
			);
			defaultConfigurationIsVisible = 0;
			defaultConfigurationName = Release;
		};
/* End XCConfigurationList section */
	};
	rootObject = 868587272584CB350033A6E3 /* Project object */;
}
